
Microsoft Visual Studio Solution File, Format Version 12.00
# Visual Studio 15
VisualStudioVersion = 15.0.28307.271
MinimumVisualStudioVersion = 10.0.40219.1
Project("{FAE04EC0-301F-11D3-BF4B-00C04F79EFBC}") = "Algorithms-Csharp", "Algorithms-Csharp\Algorithms-Csharp.csproj", "{9ECA8F84-26A1-468D-811D-5579A8F7F00C}"
EndProject
Global
	GlobalSection(SolutionConfigurationPlatforms) = preSolution
		Debug|Any CPU = Debug|Any CPU
		Release|Any CPU = Release|Any CPU
	EndGlobalSection
	GlobalSection(ProjectConfigurationPlatforms) = postSolution
		{9ECA8F84-26A1-468D-811D-5579A8F7F00C}.Debug|Any CPU.ActiveCfg = Debug|Any CPU
		{9ECA8F84-26A1-468D-811D-5579A8F7F00C}.Debug|Any CPU.Build.0 = Debug|Any CPU
		{9ECA8F84-26A1-468D-811D-5579A8F7F00C}.Release|Any CPU.ActiveCfg = Release|Any CPU
		{9ECA8F84-26A1-468D-811D-5579A8F7F00C}.Release|Any CPU.Build.0 = Release|Any CPU
	EndGlobalSection
	GlobalSection(SolutionProperties) = preSolution
		HideSolutionNode = FALSE
	EndGlobalSection
	GlobalSection(ExtensibilityGlobals) = postSolution
		SolutionGuid = {067AB4FE-8527-471A-BB68-30F542E60EFB}
	EndGlobalSection
EndGlobal
